
Microsoft Visual Studio Solution File, Format Version 12.00
# Visual Studio Version 17
VisualStudioVersion = 17.0.31912.275
MinimumVisualStudioVersion = 10.0.40219.1
Project("{FAE04EC0-301F-11D3-BF4B-00C04F79EFBC}") = "TrafficFlowSimulation", "TrafficFlowSimulation\TrafficFlowSimulation.csproj", "{CBF220C0-7581-4CBF-8ED5-BC6F4A0E2A31}"
EndProject
Project("{9A19103F-16F7-4668-BE54-9A1E7A4F7556}") = "EvaluationKernel", "EvaluationKernel\EvaluationKernel.csproj", "{9C69A824-499E-4A97-9DF9-BEAD244F1A26}"
EndProject
Project("{9A19103F-16F7-4668-BE54-9A1E7A4F7556}") = "Localization", "Localization\Localization.csproj", "{E27A0AF8-6344-4C14-A612-A2BC9A3533E6}"
EndProject
Project("{9A19103F-16F7-4668-BE54-9A1E7A4F7556}") = "Settings", "Settings\Settings.csproj", "{D87C8CFB-4F67-4EA5-A8D5-8958FFCACB7E}"
EndProject
Project("{9A19103F-16F7-4668-BE54-9A1E7A4F7556}") = "Common", "Common\Common.csproj", "{DABE3A8D-47AC-44F6-89F9-CAD6D20A2F2F}"
EndProject
Project("{FAE04EC0-301F-11D3-BF4B-00C04F79EFBC}") = "ChartRendering", "ChartRendering\ChartRendering.csproj", "{AA8BA6C8-CAD6-4D8F-B4E3-B9359781C77C}"
EndProject
Global
	GlobalSection(SolutionConfigurationPlatforms) = preSolution
		Debug|Any CPU = Debug|Any CPU
		Debug|x64 = Debug|x64
		Debug|x86 = Debug|x86
		Release|Any CPU = Release|Any CPU
		Release|x64 = Release|x64
		Release|x86 = Release|x86
	EndGlobalSection
	GlobalSection(ProjectConfigurationPlatforms) = postSolution
		{CBF220C0-7581-4CBF-8ED5-BC6F4A0E2A31}.Debug|Any CPU.ActiveCfg = Debug|Any CPU
		{CBF220C0-7581-4CBF-8ED5-BC6F4A0E2A31}.Debug|Any CPU.Build.0 = Debug|Any CPU
		{CBF220C0-7581-4CBF-8ED5-BC6F4A0E2A31}.Debug|x64.ActiveCfg = Debug|x64
		{CBF220C0-7581-4CBF-8ED5-BC6F4A0E2A31}.Debug|x64.Build.0 = Debug|x64
		{CBF220C0-7581-4CBF-8ED5-BC6F4A0E2A31}.Debug|x86.ActiveCfg = Debug|x86
		{CBF220C0-7581-4CBF-8ED5-BC6F4A0E2A31}.Debug|x86.Build.0 = Debug|x86
		{CBF220C0-7581-4CBF-8ED5-BC6F4A0E2A31}.Release|Any CPU.ActiveCfg = Release|Any CPU
		{CBF220C0-7581-4CBF-8ED5-BC6F4A0E2A31}.Release|Any CPU.Build.0 = Release|Any CPU
		{CBF220C0-7581-4CBF-8ED5-BC6F4A0E2A31}.Release|x64.ActiveCfg = Release|x64
		{CBF220C0-7581-4CBF-8ED5-BC6F4A0E2A31}.Release|x64.Build.0 = Release|x64
		{CBF220C0-7581-4CBF-8ED5-BC6F4A0E2A31}.Release|x86.ActiveCfg = Release|x86
		{CBF220C0-7581-4CBF-8ED5-BC6F4A0E2A31}.Release|x86.Build.0 = Release|x86
		{9C69A824-499E-4A97-9DF9-BEAD244F1A26}.Debug|Any CPU.ActiveCfg = Debug|Any CPU
		{9C69A824-499E-4A97-9DF9-BEAD244F1A26}.Debug|Any CPU.Build.0 = Debug|Any CPU
		{9C69A824-499E-4A97-9DF9-BEAD244F1A26}.Debug|x64.ActiveCfg = Debug|x64
		{9C69A824-499E-4A97-9DF9-BEAD244F1A26}.Debug|x64.Build.0 = Debug|x64
		{9C69A824-499E-4A97-9DF9-BEAD244F1A26}.Debug|x86.ActiveCfg = Debug|x86
		{9C69A824-499E-4A97-9DF9-BEAD244F1A26}.Debug|x86.Build.0 = Debug|x86
		{9C69A824-499E-4A97-9DF9-BEAD244F1A26}.Release|Any CPU.ActiveCfg = Release|Any CPU
		{9C69A824-499E-4A97-9DF9-BEAD244F1A26}.Release|Any CPU.Build.0 = Release|Any CPU
		{9C69A824-499E-4A97-9DF9-BEAD244F1A26}.Release|x64.ActiveCfg = Release|x64
		{9C69A824-499E-4A97-9DF9-BEAD244F1A26}.Release|x64.Build.0 = Release|x64
		{9C69A824-499E-4A97-9DF9-BEAD244F1A26}.Release|x86.ActiveCfg = Release|x86
		{9C69A824-499E-4A97-9DF9-BEAD244F1A26}.Release|x86.Build.0 = Release|x86
		{E27A0AF8-6344-4C14-A612-A2BC9A3533E6}.Debug|Any CPU.ActiveCfg = Debug|Any CPU
		{E27A0AF8-6344-4C14-A612-A2BC9A3533E6}.Debug|Any CPU.Build.0 = Debug|Any CPU
		{E27A0AF8-6344-4C14-A612-A2BC9A3533E6}.Debug|x64.ActiveCfg = Debug|x64
		{E27A0AF8-6344-4C14-A612-A2BC9A3533E6}.Debug|x64.Build.0 = Debug|x64
		{E27A0AF8-6344-4C14-A612-A2BC9A3533E6}.Debug|x86.ActiveCfg = Debug|x86
		{E27A0AF8-6344-4C14-A612-A2BC9A3533E6}.Debug|x86.Build.0 = Debug|x86
		{E27A0AF8-6344-4C14-A612-A2BC9A3533E6}.Release|Any CPU.ActiveCfg = Release|Any CPU
		{E27A0AF8-6344-4C14-A612-A2BC9A3533E6}.Release|Any CPU.Build.0 = Release|Any CPU
		{E27A0AF8-6344-4C14-A612-A2BC9A3533E6}.Release|x64.ActiveCfg = Release|x64
		{E27A0AF8-6344-4C14-A612-A2BC9A3533E6}.Release|x64.Build.0 = Release|x64
		{E27A0AF8-6344-4C14-A612-A2BC9A3533E6}.Release|x86.ActiveCfg = Release|x86
		{E27A0AF8-6344-4C14-A612-A2BC9A3533E6}.Release|x86.Build.0 = Release|x86
		{D87C8CFB-4F67-4EA5-A8D5-8958FFCACB7E}.Debug|Any CPU.ActiveCfg = Debug|Any CPU
		{D87C8CFB-4F67-4EA5-A8D5-8958FFCACB7E}.Debug|Any CPU.Build.0 = Debug|Any CPU
		{D87C8CFB-4F67-4EA5-A8D5-8958FFCACB7E}.Debug|x64.ActiveCfg = Debug|x64
		{D87C8CFB-4F67-4EA5-A8D5-8958FFCACB7E}.Debug|x64.Build.0 = Debug|x64
		{D87C8CFB-4F67-4EA5-A8D5-8958FFCACB7E}.Debug|x86.ActiveCfg = Debug|x86
		{D87C8CFB-4F67-4EA5-A8D5-8958FFCACB7E}.Debug|x86.Build.0 = Debug|x86
		{D87C8CFB-4F67-4EA5-A8D5-8958FFCACB7E}.Release|Any CPU.ActiveCfg = Release|Any CPU
		{D87C8CFB-4F67-4EA5-A8D5-8958FFCACB7E}.Release|Any CPU.Build.0 = Release|Any CPU
		{D87C8CFB-4F67-4EA5-A8D5-8958FFCACB7E}.Release|x64.ActiveCfg = Release|x64
		{D87C8CFB-4F67-4EA5-A8D5-8958FFCACB7E}.Release|x64.Build.0 = Release|x64
		{D87C8CFB-4F67-4EA5-A8D5-8958FFCACB7E}.Release|x86.ActiveCfg = Release|x86
		{D87C8CFB-4F67-4EA5-A8D5-8958FFCACB7E}.Release|x86.Build.0 = Release|x86
		{DABE3A8D-47AC-44F6-89F9-CAD6D20A2F2F}.Debug|Any CPU.ActiveCfg = Debug|Any CPU
		{DABE3A8D-47AC-44F6-89F9-CAD6D20A2F2F}.Debug|Any CPU.Build.0 = Debug|Any CPU
		{DABE3A8D-47AC-44F6-89F9-CAD6D20A2F2F}.Debug|x64.ActiveCfg = Debug|x64
		{DABE3A8D-47AC-44F6-89F9-CAD6D20A2F2F}.Debug|x64.Build.0 = Debug|x64
		{DABE3A8D-47AC-44F6-89F9-CAD6D20A2F2F}.Debug|x86.ActiveCfg = Debug|x86
		{DABE3A8D-47AC-44F6-89F9-CAD6D20A2F2F}.Debug|x86.Build.0 = Debug|x86
		{DABE3A8D-47AC-44F6-89F9-CAD6D20A2F2F}.Release|Any CPU.ActiveCfg = Release|Any CPU
		{DABE3A8D-47AC-44F6-89F9-CAD6D20A2F2F}.Release|Any CPU.Build.0 = Release|Any CPU
		{DABE3A8D-47AC-44F6-89F9-CAD6D20A2F2F}.Release|x64.ActiveCfg = Release|x64
		{DABE3A8D-47AC-44F6-89F9-CAD6D20A2F2F}.Release|x64.Build.0 = Release|x64
		{DABE3A8D-47AC-44F6-89F9-CAD6D20A2F2F}.Release|x86.ActiveCfg = Release|x86
		{DABE3A8D-47AC-44F6-89F9-CAD6D20A2F2F}.Release|x86.Build.0 = Release|x86
		{AA8BA6C8-CAD6-4D8F-B4E3-B9359781C77C}.Debug|Any CPU.ActiveCfg = Debug|Any CPU
		{AA8BA6C8-CAD6-4D8F-B4E3-B9359781C77C}.Debug|Any CPU.Build.0 = Debug|Any CPU
		{AA8BA6C8-CAD6-4D8F-B4E3-B9359781C77C}.Debug|x64.ActiveCfg = Debug|Any CPU
		{AA8BA6C8-CAD6-4D8F-B4E3-B9359781C77C}.Debug|x64.Build.0 = Debug|Any CPU
		{AA8BA6C8-CAD6-4D8F-B4E3-B9359781C77C}.Debug|x86.ActiveCfg = Debug|Any CPU
		{AA8BA6C8-CAD6-4D8F-B4E3-B9359781C77C}.Debug|x86.Build.0 = Debug|Any CPU
		{AA8BA6C8-CAD6-4D8F-B4E3-B9359781C77C}.Release|Any CPU.ActiveCfg = Release|Any CPU
		{AA8BA6C8-CAD6-4D8F-B4E3-B9359781C77C}.Release|Any CPU.Build.0 = Release|Any CPU
		{AA8BA6C8-CAD6-4D8F-B4E3-B9359781C77C}.Release|x64.ActiveCfg = Release|Any CPU
		{AA8BA6C8-CAD6-4D8F-B4E3-B9359781C77C}.Release|x64.Build.0 = Release|Any CPU
		{AA8BA6C8-CAD6-4D8F-B4E3-B9359781C77C}.Release|x86.ActiveCfg = Release|Any CPU
		{AA8BA6C8-CAD6-4D8F-B4E3-B9359781C77C}.Release|x86.Build.0 = Release|Any CPU
	EndGlobalSection
	GlobalSection(SolutionProperties) = preSolution
		HideSolutionNode = FALSE
	EndGlobalSection
	GlobalSection(ExtensibilityGlobals) = postSolution
		SolutionGuid = {526D1239-D095-4B76-8662-29F98B289BB2}
	EndGlobalSection
EndGlobal
